
Microsoft Visual Studio Solution File, Format Version 12.00
# Visual Studio Version 16
VisualStudioVersion = 16.0.28803.352
MinimumVisualStudioVersion = 10.0.40219.1
Project("{FAE04EC0-301F-11D3-BF4B-00C04F79EFBC}") = "AD Download Security groups", "AD Download Security groups\AD Download Security groups.csproj", "{4794A62C-8D64-4836-BC1F-A50D63D33A9B}"
EndProject
Global
	GlobalSection(SolutionConfigurationPlatforms) = preSolution
		Debug|Any CPU = Debug|Any CPU
		Release|Any CPU = Release|Any CPU
	EndGlobalSection
	GlobalSection(ProjectConfigurationPlatforms) = postSolution
		{4794A62C-8D64-4836-BC1F-A50D63D33A9B}.Debug|Any CPU.ActiveCfg = Debug|Any CPU
		{4794A62C-8D64-4836-BC1F-A50D63D33A9B}.Debug|Any CPU.Build.0 = Debug|Any CPU
		{4794A62C-8D64-4836-BC1F-A50D63D33A9B}.Release|Any CPU.ActiveCfg = Release|Any CPU
		{4794A62C-8D64-4836-BC1F-A50D63D33A9B}.Release|Any CPU.Build.0 = Release|Any CPU
	EndGlobalSection
	GlobalSection(SolutionProperties) = preSolution
		HideSolutionNode = FALSE
	EndGlobalSection
	GlobalSection(ExtensibilityGlobals) = postSolution
		SolutionGuid = {49EBDBBB-3644-4C68-A878-FB09D349EE71}
	EndGlobalSection
EndGlobal
