
Microsoft Visual Studio Solution File, Format Version 12.00
# Visual Studio Version 16
VisualStudioVersion = 16.0.28803.352
MinimumVisualStudioVersion = 10.0.40219.1
Project("{FAE04EC0-301F-11D3-BF4B-00C04F79EFBC}") = "Equipment Scanner", "Equipment Scanner\Equipment Scanner.csproj", "{8263C90D-0D9B-49BF-9730-E45684B7310D}"
EndProject
Global
	GlobalSection(SolutionConfigurationPlatforms) = preSolution
		Debug|Any CPU = Debug|Any CPU
		Release|Any CPU = Release|Any CPU
	EndGlobalSection
	GlobalSection(ProjectConfigurationPlatforms) = postSolution
		{8263C90D-0D9B-49BF-9730-E45684B7310D}.Debug|Any CPU.ActiveCfg = Debug|Any CPU
		{8263C90D-0D9B-49BF-9730-E45684B7310D}.Debug|Any CPU.Build.0 = Debug|Any CPU
		{8263C90D-0D9B-49BF-9730-E45684B7310D}.Release|Any CPU.ActiveCfg = Release|Any CPU
		{8263C90D-0D9B-49BF-9730-E45684B7310D}.Release|Any CPU.Build.0 = Release|Any CPU
	EndGlobalSection
	GlobalSection(SolutionProperties) = preSolution
		HideSolutionNode = FALSE
	EndGlobalSection
	GlobalSection(ExtensibilityGlobals) = postSolution
		SolutionGuid = {F8C0019A-212B-4C64-A4F8-45995A67AEB4}
	EndGlobalSection
EndGlobal
